
Microsoft Visual Studio Solution File, Format Version 12.00
# Visual Studio 15
VisualStudioVersion = 15.0.27004.2009
MinimumVisualStudioVersion = 10.0.40219.1
Project("{9A19103F-16F7-4668-BE54-9A1E7A4F7556}") = "Prime.Bootstrap", "Prime.Bootstrap\Prime.Bootstrap.csproj", "{DAE4BC0E-D8FF-445C-B1D6-A5DA7DD19AAD}"
EndProject
Project("{9A19103F-16F7-4668-BE54-9A1E7A4F7556}") = "Prime", "Prime\Prime.csproj", "{F434D5B9-88A4-414B-BA96-28479D7C954D}"
EndProject
Project("{2150E333-8FDC-42A3-9474-1A3956D46DE8}") = "Core", "Core", "{1BD6FB29-2E35-4BBE-82C7-B48992C3724A}"
EndProject
Project("{2150E333-8FDC-42A3-9474-1A3956D46DE8}") = "Tests", "Tests", "{BFEFEECE-EC7F-47C9-8E16-931DFC08943A}"
EndProject
Project("{2150E333-8FDC-42A3-9474-1A3956D46DE8}") = "Unit", "Unit", "{DCE43604-FF28-400C-B7B1-A39F2BA2F4AA}"
EndProject
Project("{2150E333-8FDC-42A3-9474-1A3956D46DE8}") = "Extensions", "Extensions", "{C47657DB-3FA3-4C0C-B506-96A685E3B714}"
EndProject
Project("{9A19103F-16F7-4668-BE54-9A1E7A4F7556}") = "Prime.Socket", "Prime.Socket\Prime.Socket.csproj", "{3DC6D649-69AF-4083-BE07-C795EE458A3E}"
EndProject
Project("{9A19103F-16F7-4668-BE54-9A1E7A4F7556}") = "Prime.PackageManager", "Prime.PackageManager\Prime.PackageManager.csproj", "{DB68B2E5-CA2B-4C67-8688-2E722CC59F0D}"
EndProject
Project("{9A19103F-16F7-4668-BE54-9A1E7A4F7556}") = "Prime.Tests", "Prime.Tests\Prime.Tests.csproj", "{5B56BE65-FC57-4EC3-BF1D-D27A065B5CDE}"
EndProject
Project("{9A19103F-16F7-4668-BE54-9A1E7A4F7556}") = "Prime.Core", "Prime.Core\Prime.Core.csproj", "{607A37B0-B49D-4D47-A9B5-F5495A64D757}"
EndProject
Project("{2150E333-8FDC-42A3-9474-1A3956D46DE8}") = "Integration", "Integration", "{21062BD8-3B82-4E32-A929-6CA5AC9CBFBD}"
EndProject
Project("{9A19103F-16F7-4668-BE54-9A1E7A4F7556}") = "Prime.Finance.Services", "Prime.Finance.Services\Prime.Finance.Services.csproj", "{CD1E8436-65E0-4E8D-9977-6C94CE631A21}"
EndProject
Project("{9A19103F-16F7-4668-BE54-9A1E7A4F7556}") = "Prime.KeysManager", "Prime.KeysManager\Prime.KeysManager.csproj", "{EBAE560E-4432-4343-B781-560FCF4A96A1}"
EndProject
Project("{9A19103F-16F7-4668-BE54-9A1E7A4F7556}") = "Prime.Finance", "Prime.Finance\Prime.Finance.csproj", "{BB9FAB25-C19C-4013-B88C-FBAC06F58715}"
EndProject
Project("{2150E333-8FDC-42A3-9474-1A3956D46DE8}") = "Finance", "Finance", "{F0CE665D-85E4-4355-A660-0FCEF82423C2}"
EndProject
Project("{9A19103F-16F7-4668-BE54-9A1E7A4F7556}") = "Prime.Radiant", "Prime.Radiant\Prime.Radiant.csproj", "{FBF682AE-349C-44FC-9C77-FAB1A89C46BD}"
EndProject
Project("{9A19103F-16F7-4668-BE54-9A1E7A4F7556}") = "Prime.Console", "Prime.Console\Prime.Console.csproj", "{61534319-C259-43A8-8026-50B2298966CE}"
EndProject
Global
	GlobalSection(SolutionConfigurationPlatforms) = preSolution
		All_Debug|Any CPU = All_Debug|Any CPU
		Debug|Any CPU = Debug|Any CPU
		Release|Any CPU = Release|Any CPU
	EndGlobalSection
	GlobalSection(ProjectConfigurationPlatforms) = postSolution
		{DAE4BC0E-D8FF-445C-B1D6-A5DA7DD19AAD}.All_Debug|Any CPU.ActiveCfg = Debug|Any CPU
		{DAE4BC0E-D8FF-445C-B1D6-A5DA7DD19AAD}.All_Debug|Any CPU.Build.0 = Debug|Any CPU
		{DAE4BC0E-D8FF-445C-B1D6-A5DA7DD19AAD}.Debug|Any CPU.ActiveCfg = Debug|Any CPU
		{DAE4BC0E-D8FF-445C-B1D6-A5DA7DD19AAD}.Debug|Any CPU.Build.0 = Debug|Any CPU
		{DAE4BC0E-D8FF-445C-B1D6-A5DA7DD19AAD}.Release|Any CPU.ActiveCfg = Release|Any CPU
		{DAE4BC0E-D8FF-445C-B1D6-A5DA7DD19AAD}.Release|Any CPU.Build.0 = Release|Any CPU
		{F434D5B9-88A4-414B-BA96-28479D7C954D}.All_Debug|Any CPU.ActiveCfg = All_Debug|Any CPU
		{F434D5B9-88A4-414B-BA96-28479D7C954D}.All_Debug|Any CPU.Build.0 = All_Debug|Any CPU
		{F434D5B9-88A4-414B-BA96-28479D7C954D}.Debug|Any CPU.ActiveCfg = Debug|Any CPU
		{F434D5B9-88A4-414B-BA96-28479D7C954D}.Debug|Any CPU.Build.0 = Debug|Any CPU
		{F434D5B9-88A4-414B-BA96-28479D7C954D}.Release|Any CPU.ActiveCfg = Release|Any CPU
		{F434D5B9-88A4-414B-BA96-28479D7C954D}.Release|Any CPU.Build.0 = Release|Any CPU
		{3DC6D649-69AF-4083-BE07-C795EE458A3E}.All_Debug|Any CPU.ActiveCfg = Debug|Any CPU
		{3DC6D649-69AF-4083-BE07-C795EE458A3E}.All_Debug|Any CPU.Build.0 = Debug|Any CPU
		{3DC6D649-69AF-4083-BE07-C795EE458A3E}.Debug|Any CPU.ActiveCfg = Debug|Any CPU
		{3DC6D649-69AF-4083-BE07-C795EE458A3E}.Debug|Any CPU.Build.0 = Debug|Any CPU
		{3DC6D649-69AF-4083-BE07-C795EE458A3E}.Release|Any CPU.ActiveCfg = Release|Any CPU
		{3DC6D649-69AF-4083-BE07-C795EE458A3E}.Release|Any CPU.Build.0 = Release|Any CPU
		{DB68B2E5-CA2B-4C67-8688-2E722CC59F0D}.All_Debug|Any CPU.ActiveCfg = Debug|Any CPU
		{DB68B2E5-CA2B-4C67-8688-2E722CC59F0D}.All_Debug|Any CPU.Build.0 = Debug|Any CPU
		{DB68B2E5-CA2B-4C67-8688-2E722CC59F0D}.Debug|Any CPU.ActiveCfg = Debug|Any CPU
		{DB68B2E5-CA2B-4C67-8688-2E722CC59F0D}.Debug|Any CPU.Build.0 = Debug|Any CPU
		{DB68B2E5-CA2B-4C67-8688-2E722CC59F0D}.Release|Any CPU.ActiveCfg = Release|Any CPU
		{DB68B2E5-CA2B-4C67-8688-2E722CC59F0D}.Release|Any CPU.Build.0 = Release|Any CPU
		{5B56BE65-FC57-4EC3-BF1D-D27A065B5CDE}.All_Debug|Any CPU.ActiveCfg = Debug|Any CPU
		{5B56BE65-FC57-4EC3-BF1D-D27A065B5CDE}.All_Debug|Any CPU.Build.0 = Debug|Any CPU
		{5B56BE65-FC57-4EC3-BF1D-D27A065B5CDE}.Debug|Any CPU.ActiveCfg = Debug|Any CPU
		{5B56BE65-FC57-4EC3-BF1D-D27A065B5CDE}.Debug|Any CPU.Build.0 = Debug|Any CPU
		{5B56BE65-FC57-4EC3-BF1D-D27A065B5CDE}.Release|Any CPU.ActiveCfg = Release|Any CPU
		{5B56BE65-FC57-4EC3-BF1D-D27A065B5CDE}.Release|Any CPU.Build.0 = Release|Any CPU
		{607A37B0-B49D-4D47-A9B5-F5495A64D757}.All_Debug|Any CPU.ActiveCfg = All_Debug|Any CPU
		{607A37B0-B49D-4D47-A9B5-F5495A64D757}.All_Debug|Any CPU.Build.0 = All_Debug|Any CPU
		{607A37B0-B49D-4D47-A9B5-F5495A64D757}.Debug|Any CPU.ActiveCfg = Debug|Any CPU
		{607A37B0-B49D-4D47-A9B5-F5495A64D757}.Debug|Any CPU.Build.0 = Debug|Any CPU
		{607A37B0-B49D-4D47-A9B5-F5495A64D757}.Release|Any CPU.ActiveCfg = Release|Any CPU
		{607A37B0-B49D-4D47-A9B5-F5495A64D757}.Release|Any CPU.Build.0 = Release|Any CPU
		{CD1E8436-65E0-4E8D-9977-6C94CE631A21}.All_Debug|Any CPU.ActiveCfg = All_Debug|Any CPU
		{CD1E8436-65E0-4E8D-9977-6C94CE631A21}.All_Debug|Any CPU.Build.0 = All_Debug|Any CPU
		{CD1E8436-65E0-4E8D-9977-6C94CE631A21}.Debug|Any CPU.ActiveCfg = Debug|Any CPU
		{CD1E8436-65E0-4E8D-9977-6C94CE631A21}.Debug|Any CPU.Build.0 = Debug|Any CPU
		{CD1E8436-65E0-4E8D-9977-6C94CE631A21}.Release|Any CPU.ActiveCfg = Release|Any CPU
		{CD1E8436-65E0-4E8D-9977-6C94CE631A21}.Release|Any CPU.Build.0 = Release|Any CPU
		{EBAE560E-4432-4343-B781-560FCF4A96A1}.All_Debug|Any CPU.ActiveCfg = Debug|Any CPU
		{EBAE560E-4432-4343-B781-560FCF4A96A1}.All_Debug|Any CPU.Build.0 = Debug|Any CPU
		{EBAE560E-4432-4343-B781-560FCF4A96A1}.Debug|Any CPU.ActiveCfg = Debug|Any CPU
		{EBAE560E-4432-4343-B781-560FCF4A96A1}.Debug|Any CPU.Build.0 = Debug|Any CPU
		{EBAE560E-4432-4343-B781-560FCF4A96A1}.Release|Any CPU.ActiveCfg = Release|Any CPU
		{EBAE560E-4432-4343-B781-560FCF4A96A1}.Release|Any CPU.Build.0 = Release|Any CPU
		{BB9FAB25-C19C-4013-B88C-FBAC06F58715}.All_Debug|Any CPU.ActiveCfg = Debug|Any CPU
		{BB9FAB25-C19C-4013-B88C-FBAC06F58715}.All_Debug|Any CPU.Build.0 = Debug|Any CPU
		{BB9FAB25-C19C-4013-B88C-FBAC06F58715}.Debug|Any CPU.ActiveCfg = Debug|Any CPU
		{BB9FAB25-C19C-4013-B88C-FBAC06F58715}.Debug|Any CPU.Build.0 = Debug|Any CPU
		{BB9FAB25-C19C-4013-B88C-FBAC06F58715}.Release|Any CPU.ActiveCfg = Release|Any CPU
		{BB9FAB25-C19C-4013-B88C-FBAC06F58715}.Release|Any CPU.Build.0 = Release|Any CPU
		{FBF682AE-349C-44FC-9C77-FAB1A89C46BD}.All_Debug|Any CPU.ActiveCfg = Debug|Any CPU
		{FBF682AE-349C-44FC-9C77-FAB1A89C46BD}.All_Debug|Any CPU.Build.0 = Debug|Any CPU
		{FBF682AE-349C-44FC-9C77-FAB1A89C46BD}.Debug|Any CPU.ActiveCfg = Debug|Any CPU
		{FBF682AE-349C-44FC-9C77-FAB1A89C46BD}.Debug|Any CPU.Build.0 = Debug|Any CPU
		{FBF682AE-349C-44FC-9C77-FAB1A89C46BD}.Release|Any CPU.ActiveCfg = Release|Any CPU
		{FBF682AE-349C-44FC-9C77-FAB1A89C46BD}.Release|Any CPU.Build.0 = Release|Any CPU
		{61534319-C259-43A8-8026-50B2298966CE}.All_Debug|Any CPU.ActiveCfg = Debug|Any CPU
		{61534319-C259-43A8-8026-50B2298966CE}.All_Debug|Any CPU.Build.0 = Debug|Any CPU
		{61534319-C259-43A8-8026-50B2298966CE}.Debug|Any CPU.ActiveCfg = Debug|Any CPU
		{61534319-C259-43A8-8026-50B2298966CE}.Debug|Any CPU.Build.0 = Debug|Any CPU
		{61534319-C259-43A8-8026-50B2298966CE}.Release|Any CPU.ActiveCfg = Release|Any CPU
		{61534319-C259-43A8-8026-50B2298966CE}.Release|Any CPU.Build.0 = Release|Any CPU
	EndGlobalSection
	GlobalSection(SolutionProperties) = preSolution
		HideSolutionNode = FALSE
	EndGlobalSection
	GlobalSection(NestedProjects) = preSolution
		{F434D5B9-88A4-414B-BA96-28479D7C954D} = {1BD6FB29-2E35-4BBE-82C7-B48992C3724A}
		{DCE43604-FF28-400C-B7B1-A39F2BA2F4AA} = {BFEFEECE-EC7F-47C9-8E16-931DFC08943A}
		{3DC6D649-69AF-4083-BE07-C795EE458A3E} = {C47657DB-3FA3-4C0C-B506-96A685E3B714}
		{DB68B2E5-CA2B-4C67-8688-2E722CC59F0D} = {C47657DB-3FA3-4C0C-B506-96A685E3B714}
		{5B56BE65-FC57-4EC3-BF1D-D27A065B5CDE} = {21062BD8-3B82-4E32-A929-6CA5AC9CBFBD}
		{607A37B0-B49D-4D47-A9B5-F5495A64D757} = {1BD6FB29-2E35-4BBE-82C7-B48992C3724A}
		{21062BD8-3B82-4E32-A929-6CA5AC9CBFBD} = {BFEFEECE-EC7F-47C9-8E16-931DFC08943A}
		{CD1E8436-65E0-4E8D-9977-6C94CE631A21} = {F0CE665D-85E4-4355-A660-0FCEF82423C2}
		{EBAE560E-4432-4343-B781-560FCF4A96A1} = {1BD6FB29-2E35-4BBE-82C7-B48992C3724A}
		{BB9FAB25-C19C-4013-B88C-FBAC06F58715} = {F0CE665D-85E4-4355-A660-0FCEF82423C2}
		{F0CE665D-85E4-4355-A660-0FCEF82423C2} = {C47657DB-3FA3-4C0C-B506-96A685E3B714}
		{FBF682AE-349C-44FC-9C77-FAB1A89C46BD} = {C47657DB-3FA3-4C0C-B506-96A685E3B714}
		{61534319-C259-43A8-8026-50B2298966CE} = {1BD6FB29-2E35-4BBE-82C7-B48992C3724A}
	EndGlobalSection
	GlobalSection(ExtensibilityGlobals) = postSolution
		SolutionGuid = {9BA2A119-8A5F-4F1E-87E5-DF9ECABDF7C4}
	EndGlobalSection
EndGlobal
