
Microsoft Visual Studio Solution File, Format Version 12.00
# Visual Studio 15
VisualStudioVersion = 15.0.27428.2037
MinimumVisualStudioVersion = 10.0.40219.1
Project("{2150E333-8FDC-42A3-9474-1A3956D46DE8}") = "Testing", "Testing", "{BFEFEECE-EC7F-47C9-8E16-931DFC08943A}"
EndProject
Project("{2150E333-8FDC-42A3-9474-1A3956D46DE8}") = "Extensions", "Extensions", "{C47657DB-3FA3-4C0C-B506-96A685E3B714}"
EndProject
Project("{9A19103F-16F7-4668-BE54-9A1E7A4F7556}") = "Prime.Tests", "Prime\Prime.Tests\Prime.Tests.csproj", "{5B56BE65-FC57-4EC3-BF1D-D27A065B5CDE}"
EndProject
Project("{9A19103F-16F7-4668-BE54-9A1E7A4F7556}") = "Prime.Core", "Prime\Prime.Core\Prime.Core.csproj", "{607A37B0-B49D-4D47-A9B5-F5495A64D757}"
EndProject
Project("{9A19103F-16F7-4668-BE54-9A1E7A4F7556}") = "Prime.Finance.Services", "Ext\Prime.Finance.Services\Prime.Finance.Services.csproj", "{CD1E8436-65E0-4E8D-9977-6C94CE631A21}"
EndProject
Project("{9A19103F-16F7-4668-BE54-9A1E7A4F7556}") = "Prime.Manager.Client", "Ext\Prime.Manager.Client\Prime.Manager.Client.csproj", "{EBAE560E-4432-4343-B781-560FCF4A96A1}"
EndProject
Project("{9A19103F-16F7-4668-BE54-9A1E7A4F7556}") = "Prime.Finance", "Ext\Prime.Finance\Prime.Finance.csproj", "{BB9FAB25-C19C-4013-B88C-FBAC06F58715}"
EndProject
Project("{2150E333-8FDC-42A3-9474-1A3956D46DE8}") = "Finance", "Finance", "{F0CE665D-85E4-4355-A660-0FCEF82423C2}"
EndProject
Project("{2150E333-8FDC-42A3-9474-1A3956D46DE8}") = "Platform", "Platform", "{F9F7DD6A-4A08-4569-8CBD-1028BA95A228}"
EndProject
Project("{9A19103F-16F7-4668-BE54-9A1E7A4F7556}") = "Prime.Core.Windows", "Prime\Prime.Windows\Prime.Core.Windows.csproj", "{4CDA9122-3776-4ED3-A49A-F20D426FCB16}"
EndProject
Project("{9A19103F-16F7-4668-BE54-9A1E7A4F7556}") = "Prime.Base", "Prime\Prime.Base\Prime.Base.csproj", "{51044A3A-27B8-4A00-A032-52FFF4559321}"
EndProject
Project("{9A19103F-16F7-4668-BE54-9A1E7A4F7556}") = "Prime.SocketServer", "Ext\Prime.SocketServer\Prime.SocketServer.csproj", "{054D8B91-C52F-4D2A-9200-990DB48BDBF1}"
EndProject
Project("{9A19103F-16F7-4668-BE54-9A1E7A4F7556}") = "Prime.MessagingServer", "Ext\Prime.MessagingServer\Prime.MessagingServer.csproj", "{2F73C077-B8CB-47A1-89CA-140C47705F53}"
EndProject
Project("{9A19103F-16F7-4668-BE54-9A1E7A4F7556}") = "Prime.WebSocketServer", "Ext\Prime.WebSocketServer\Prime.WebSocketServer.csproj", "{954DBAEF-55B9-4516-84C6-796F6657852A}"
EndProject
Project("{2150E333-8FDC-42A3-9474-1A3956D46DE8}") = "MessagingServer", "MessagingServer", "{4DB2004D-44E6-43B0-AFAE-1393EDC66BFE}"
EndProject
Project("{2150E333-8FDC-42A3-9474-1A3956D46DE8}") = "Manager", "Manager", "{171A8B95-31D3-4C76-BEBD-0F91E6F25017}"
EndProject
Project("{9A19103F-16F7-4668-BE54-9A1E7A4F7556}") = "Prime.Manager", "Ext\Prime.Manager\Prime.Manager.csproj", "{436D1412-AB0D-4F8B-A51C-04A533308B4F}"
EndProject
Project("{9A19103F-16F7-4668-BE54-9A1E7A4F7556}") = "LiteDB.NetStandard2", "Ext\LiteDB-mod\LiteDB\LiteDB.NetStandard2.csproj", "{BB7D13C7-041D-4F1D-93AD-0C64FB856DFA}"
EndProject
Project("{2150E333-8FDC-42A3-9474-1A3956D46DE8}") = "Data", "Data", "{BEAFC9DD-26E1-4EA7-AF07-DC0979AA6BA9}"
EndProject
Project("{2150E333-8FDC-42A3-9474-1A3956D46DE8}") = "IPFS", "IPFS", "{D5167AE2-D1E6-4EF0-8118-1BA0E2579229}"
EndProject
Project("{9A19103F-16F7-4668-BE54-9A1E7A4F7556}") = "Prime.IPFS.Go", "Ext\Prime.IPFS\Prime.IPFS\Prime.IPFS.Go.csproj", "{ABFD173E-A8E5-4F9D-BDA6-855914B10619}"
EndProject
Project("{2150E333-8FDC-42A3-9474-1A3956D46DE8}") = "Platforms", "Platforms", "{2D17B597-5DF8-4763-ADC3-B8804077C168}"
EndProject
Project("{9A19103F-16F7-4668-BE54-9A1E7A4F7556}") = "Prime.IPFS.Lin64", "Ext\Prime.IPFS\Prime.IPFS.Lin64\Prime.IPFS.Lin64.csproj", "{1D330C13-6AC2-478F-A4E5-DCF713997BFF}"
EndProject
Project("{9A19103F-16F7-4668-BE54-9A1E7A4F7556}") = "Prime.IPFS.Mac64", "Ext\Prime.IPFS\Prime.IPFS.Mac64\Prime.IPFS.Mac64.csproj", "{3AAF1BB4-EB6A-4B10-8573-DABD5A4DC02B}"
EndProject
Project("{2150E333-8FDC-42A3-9474-1A3956D46DE8}") = "Windows", "Windows", "{B5D3B20D-E936-474B-B28F-A0446C21CDE8}"
EndProject
Project("{2150E333-8FDC-42A3-9474-1A3956D46DE8}") = "Linux", "Linux", "{384E512E-8BA9-4D06-AD7C-AF6C2EEF5B5A}"
EndProject
Project("{2150E333-8FDC-42A3-9474-1A3956D46DE8}") = "Macintosh", "Macintosh", "{01667768-FD42-4F46-AE63-B3DD172AA11E}"
EndProject
Project("{2150E333-8FDC-42A3-9474-1A3956D46DE8}") = "Tests", "Tests", "{3B1A47C2-FF66-4D0A-958A-77BC66646BEB}"
EndProject
Project("{9A19103F-16F7-4668-BE54-9A1E7A4F7556}") = "Prime.IPFS.Win", "Ext\Prime.IPFS\Prime.IPFS.Win\Prime.IPFS.Win.csproj", "{482C3858-CECB-4230-91C0-30B304263EDD}"
EndProject
Project("{9A19103F-16F7-4668-BE54-9A1E7A4F7556}") = "Prime.IPFS.Win32", "Ext\Prime.IPFS\Prime.IPFS.Win32\Prime.IPFS.Win32.csproj", "{88B280E4-84A2-496D-91B7-19841F7A1A66}"
EndProject
Project("{9A19103F-16F7-4668-BE54-9A1E7A4F7556}") = "Prime.IPFS.Win64", "Ext\Prime.IPFS\Prime.IPFS.Win64\Prime.IPFS.Win64.csproj", "{01A8829F-6119-435F-BDF6-5D19EF78ED25}"
EndProject
Project("{9A19103F-16F7-4668-BE54-9A1E7A4F7556}") = "Prime.IPFS.Console", "Ext\Prime.IPFS\Prime.IPFS.Console\Prime.IPFS.Console.csproj", "{6A2BBB10-7C0E-4DDE-B446-CA504385738E}"
EndProject
Project("{2150E333-8FDC-42A3-9474-1A3956D46DE8}") = "Windows", "Windows", "{1145333F-FF8A-45D0-92CE-67CFF7E2B3E5}"
EndProject
Project("{2150E333-8FDC-42A3-9474-1A3956D46DE8}") = "Linux", "Linux", "{5E8009B9-2F79-4D18-9B81-8991237E382A}"
EndProject
Project("{9A19103F-16F7-4668-BE54-9A1E7A4F7556}") = "Prime.Console.Win", "Prime\Prime.Console.Win\Prime.Console.Win.csproj", "{AB908E2B-86D0-474A-B0BD-2573C9108E07}"
EndProject
Project("{9A19103F-16F7-4668-BE54-9A1E7A4F7556}") = "Prime.Finance.Client", "Ext\Prime.Finance.Client\Prime.Finance.Client.csproj", "{4127DBAD-4AA0-441E-8FE1-3AB7350DC04A}"
EndProject
Project("{9A19103F-16F7-4668-BE54-9A1E7A4F7556}") = "Prime.Entry", "Prime\Prime.Entry\Prime.Entry.csproj", "{A8323234-507A-49EF-ACB6-5F95A2C09039}"
EndProject
Project("{9A19103F-16F7-4668-BE54-9A1E7A4F7556}") = "Prime.Web", "Prime\Prime.Web\Prime.Web.csproj", "{82799536-740C-42D1-83FC-0B3A7C59CA25}"
EndProject
Project("{9A19103F-16F7-4668-BE54-9A1E7A4F7556}") = "Prime.SocketClient", "Ext\Prime.SocketClient\Prime.SocketClient.csproj", "{7B093140-457F-407F-A22C-34CCC4E6503C}"
EndProject
Project("{2150E333-8FDC-42A3-9474-1A3956D46DE8}") = "Prime", "Prime", "{35EB4CC9-A341-4065-AA14-20BAD119A97E}"
EndProject
Project("{2150E333-8FDC-42A3-9474-1A3956D46DE8}") = "Catalogue", "Catalogue", "{A300DDF7-E48B-4B2D-A346-0A1DF2EDC435}"
EndProject
Project("{9A19103F-16F7-4668-BE54-9A1E7A4F7556}") = "Prime.Radiant", "Ext\Prime.Radiant\Prime.Radiant.csproj", "{198E83CB-DED7-473A-9FA7-F1E5724222AD}"
EndProject
Project("{9A19103F-16F7-4668-BE54-9A1E7A4F7556}") = "Prime.Console.Lin", "Prime\Prime.Console.Lin\Prime.Console.Lin.csproj", "{D74577A5-2CAF-4D60-83EB-A9E5C5081D6B}"
EndProject
Project("{9A19103F-16F7-4668-BE54-9A1E7A4F7556}") = "Prime.Scratch", "Prime\Prime.Scratch\Prime.Scratch.csproj", "{A44350D6-12C6-4A50-9AD5-83D5AFF19FD4}"
EndProject
Project("{9A19103F-16F7-4668-BE54-9A1E7A4F7556}") = "Prime.Lin64", "Platform\Linux\Prime.Lin64\Prime.Lin64.csproj", "{E788229B-6EB8-4354-89C0-71DA8426B2E6}"
EndProject
Project("{9A19103F-16F7-4668-BE54-9A1E7A4F7556}") = "Prime.Win64", "Platform\Windows\Prime.Win64\Prime.Win64.csproj", "{1638FF35-B151-4AEE-BE4A-C0701C859D40}"
EndProject
Project("{9A19103F-16F7-4668-BE54-9A1E7A4F7556}") = "Prime.Bootstrap", "Platform\Prime.Bootstrap\Prime.Bootstrap.csproj", "{05E8C818-1EBA-4AE5-9695-E815AC881A5B}"
EndProject
Project("{9A19103F-16F7-4668-BE54-9A1E7A4F7556}") = "Prime.NetCoreExtensionPackager", "Ext\Prime.NetCoreExtensionPackager\Prime.NetCoreExtensionPackager.csproj", "{740BDF54-BFF2-4B6F-A84A-06B231EE4C7B}"
EndProject
Project("{9A19103F-16F7-4668-BE54-9A1E7A4F7556}") = "Prime.PackageManager", "Ext\Prime.PackageManager\Prime.PackageManager.csproj", "{B1602C99-3877-46A3-970B-3EF59CEDEEBE}"
EndProject
Global
	GlobalSection(SolutionConfigurationPlatforms) = preSolution
		All_Debug|Any CPU = All_Debug|Any CPU
		Debug|Any CPU = Debug|Any CPU
		Release|Any CPU = Release|Any CPU
	EndGlobalSection
	GlobalSection(ProjectConfigurationPlatforms) = postSolution
		{5B56BE65-FC57-4EC3-BF1D-D27A065B5CDE}.All_Debug|Any CPU.ActiveCfg = Debug|Any CPU
		{5B56BE65-FC57-4EC3-BF1D-D27A065B5CDE}.All_Debug|Any CPU.Build.0 = Debug|Any CPU
		{5B56BE65-FC57-4EC3-BF1D-D27A065B5CDE}.Debug|Any CPU.ActiveCfg = Debug|Any CPU
		{5B56BE65-FC57-4EC3-BF1D-D27A065B5CDE}.Debug|Any CPU.Build.0 = Debug|Any CPU
		{5B56BE65-FC57-4EC3-BF1D-D27A065B5CDE}.Release|Any CPU.ActiveCfg = Release|Any CPU
		{5B56BE65-FC57-4EC3-BF1D-D27A065B5CDE}.Release|Any CPU.Build.0 = Release|Any CPU
		{607A37B0-B49D-4D47-A9B5-F5495A64D757}.All_Debug|Any CPU.ActiveCfg = All_Debug|Any CPU
		{607A37B0-B49D-4D47-A9B5-F5495A64D757}.All_Debug|Any CPU.Build.0 = All_Debug|Any CPU
		{607A37B0-B49D-4D47-A9B5-F5495A64D757}.Debug|Any CPU.ActiveCfg = Debug|Any CPU
		{607A37B0-B49D-4D47-A9B5-F5495A64D757}.Debug|Any CPU.Build.0 = Debug|Any CPU
		{607A37B0-B49D-4D47-A9B5-F5495A64D757}.Release|Any CPU.ActiveCfg = Release|Any CPU
		{607A37B0-B49D-4D47-A9B5-F5495A64D757}.Release|Any CPU.Build.0 = Release|Any CPU
		{CD1E8436-65E0-4E8D-9977-6C94CE631A21}.All_Debug|Any CPU.ActiveCfg = All_Debug|Any CPU
		{CD1E8436-65E0-4E8D-9977-6C94CE631A21}.All_Debug|Any CPU.Build.0 = All_Debug|Any CPU
		{CD1E8436-65E0-4E8D-9977-6C94CE631A21}.Debug|Any CPU.ActiveCfg = Debug|Any CPU
		{CD1E8436-65E0-4E8D-9977-6C94CE631A21}.Debug|Any CPU.Build.0 = Debug|Any CPU
		{CD1E8436-65E0-4E8D-9977-6C94CE631A21}.Release|Any CPU.ActiveCfg = Release|Any CPU
		{CD1E8436-65E0-4E8D-9977-6C94CE631A21}.Release|Any CPU.Build.0 = Release|Any CPU
		{EBAE560E-4432-4343-B781-560FCF4A96A1}.All_Debug|Any CPU.ActiveCfg = Debug|Any CPU
		{EBAE560E-4432-4343-B781-560FCF4A96A1}.All_Debug|Any CPU.Build.0 = Debug|Any CPU
		{EBAE560E-4432-4343-B781-560FCF4A96A1}.Debug|Any CPU.ActiveCfg = Debug|Any CPU
		{EBAE560E-4432-4343-B781-560FCF4A96A1}.Debug|Any CPU.Build.0 = Debug|Any CPU
		{EBAE560E-4432-4343-B781-560FCF4A96A1}.Release|Any CPU.ActiveCfg = Release|Any CPU
		{EBAE560E-4432-4343-B781-560FCF4A96A1}.Release|Any CPU.Build.0 = Release|Any CPU
		{BB9FAB25-C19C-4013-B88C-FBAC06F58715}.All_Debug|Any CPU.ActiveCfg = Debug|Any CPU
		{BB9FAB25-C19C-4013-B88C-FBAC06F58715}.All_Debug|Any CPU.Build.0 = Debug|Any CPU
		{BB9FAB25-C19C-4013-B88C-FBAC06F58715}.Debug|Any CPU.ActiveCfg = Debug|Any CPU
		{BB9FAB25-C19C-4013-B88C-FBAC06F58715}.Debug|Any CPU.Build.0 = Debug|Any CPU
		{BB9FAB25-C19C-4013-B88C-FBAC06F58715}.Release|Any CPU.ActiveCfg = Release|Any CPU
		{BB9FAB25-C19C-4013-B88C-FBAC06F58715}.Release|Any CPU.Build.0 = Release|Any CPU
		{4CDA9122-3776-4ED3-A49A-F20D426FCB16}.All_Debug|Any CPU.ActiveCfg = Debug|Any CPU
		{4CDA9122-3776-4ED3-A49A-F20D426FCB16}.All_Debug|Any CPU.Build.0 = Debug|Any CPU
		{4CDA9122-3776-4ED3-A49A-F20D426FCB16}.Debug|Any CPU.ActiveCfg = Debug|Any CPU
		{4CDA9122-3776-4ED3-A49A-F20D426FCB16}.Debug|Any CPU.Build.0 = Debug|Any CPU
		{4CDA9122-3776-4ED3-A49A-F20D426FCB16}.Release|Any CPU.ActiveCfg = Release|Any CPU
		{4CDA9122-3776-4ED3-A49A-F20D426FCB16}.Release|Any CPU.Build.0 = Release|Any CPU
		{51044A3A-27B8-4A00-A032-52FFF4559321}.All_Debug|Any CPU.ActiveCfg = Debug|Any CPU
		{51044A3A-27B8-4A00-A032-52FFF4559321}.All_Debug|Any CPU.Build.0 = Debug|Any CPU
		{51044A3A-27B8-4A00-A032-52FFF4559321}.Debug|Any CPU.ActiveCfg = Debug|Any CPU
		{51044A3A-27B8-4A00-A032-52FFF4559321}.Debug|Any CPU.Build.0 = Debug|Any CPU
		{51044A3A-27B8-4A00-A032-52FFF4559321}.Release|Any CPU.ActiveCfg = Release|Any CPU
		{51044A3A-27B8-4A00-A032-52FFF4559321}.Release|Any CPU.Build.0 = Release|Any CPU
		{054D8B91-C52F-4D2A-9200-990DB48BDBF1}.All_Debug|Any CPU.ActiveCfg = Debug|Any CPU
		{054D8B91-C52F-4D2A-9200-990DB48BDBF1}.All_Debug|Any CPU.Build.0 = Debug|Any CPU
		{054D8B91-C52F-4D2A-9200-990DB48BDBF1}.Debug|Any CPU.ActiveCfg = Debug|Any CPU
		{054D8B91-C52F-4D2A-9200-990DB48BDBF1}.Debug|Any CPU.Build.0 = Debug|Any CPU
		{054D8B91-C52F-4D2A-9200-990DB48BDBF1}.Release|Any CPU.ActiveCfg = Release|Any CPU
		{054D8B91-C52F-4D2A-9200-990DB48BDBF1}.Release|Any CPU.Build.0 = Release|Any CPU
		{2F73C077-B8CB-47A1-89CA-140C47705F53}.All_Debug|Any CPU.ActiveCfg = Debug|Any CPU
		{2F73C077-B8CB-47A1-89CA-140C47705F53}.All_Debug|Any CPU.Build.0 = Debug|Any CPU
		{2F73C077-B8CB-47A1-89CA-140C47705F53}.Debug|Any CPU.ActiveCfg = Debug|Any CPU
		{2F73C077-B8CB-47A1-89CA-140C47705F53}.Debug|Any CPU.Build.0 = Debug|Any CPU
		{2F73C077-B8CB-47A1-89CA-140C47705F53}.Release|Any CPU.ActiveCfg = Release|Any CPU
		{2F73C077-B8CB-47A1-89CA-140C47705F53}.Release|Any CPU.Build.0 = Release|Any CPU
		{954DBAEF-55B9-4516-84C6-796F6657852A}.All_Debug|Any CPU.ActiveCfg = Debug|Any CPU
		{954DBAEF-55B9-4516-84C6-796F6657852A}.All_Debug|Any CPU.Build.0 = Debug|Any CPU
		{954DBAEF-55B9-4516-84C6-796F6657852A}.Debug|Any CPU.ActiveCfg = Debug|Any CPU
		{954DBAEF-55B9-4516-84C6-796F6657852A}.Debug|Any CPU.Build.0 = Debug|Any CPU
		{954DBAEF-55B9-4516-84C6-796F6657852A}.Release|Any CPU.ActiveCfg = Release|Any CPU
		{954DBAEF-55B9-4516-84C6-796F6657852A}.Release|Any CPU.Build.0 = Release|Any CPU
		{436D1412-AB0D-4F8B-A51C-04A533308B4F}.All_Debug|Any CPU.ActiveCfg = Debug|Any CPU
		{436D1412-AB0D-4F8B-A51C-04A533308B4F}.All_Debug|Any CPU.Build.0 = Debug|Any CPU
		{436D1412-AB0D-4F8B-A51C-04A533308B4F}.Debug|Any CPU.ActiveCfg = Debug|Any CPU
		{436D1412-AB0D-4F8B-A51C-04A533308B4F}.Debug|Any CPU.Build.0 = Debug|Any CPU
		{436D1412-AB0D-4F8B-A51C-04A533308B4F}.Release|Any CPU.ActiveCfg = Release|Any CPU
		{436D1412-AB0D-4F8B-A51C-04A533308B4F}.Release|Any CPU.Build.0 = Release|Any CPU
		{BB7D13C7-041D-4F1D-93AD-0C64FB856DFA}.All_Debug|Any CPU.ActiveCfg = Debug|Any CPU
		{BB7D13C7-041D-4F1D-93AD-0C64FB856DFA}.All_Debug|Any CPU.Build.0 = Debug|Any CPU
		{BB7D13C7-041D-4F1D-93AD-0C64FB856DFA}.Debug|Any CPU.ActiveCfg = Debug|Any CPU
		{BB7D13C7-041D-4F1D-93AD-0C64FB856DFA}.Debug|Any CPU.Build.0 = Debug|Any CPU
		{BB7D13C7-041D-4F1D-93AD-0C64FB856DFA}.Release|Any CPU.ActiveCfg = Release|Any CPU
		{BB7D13C7-041D-4F1D-93AD-0C64FB856DFA}.Release|Any CPU.Build.0 = Release|Any CPU
		{ABFD173E-A8E5-4F9D-BDA6-855914B10619}.All_Debug|Any CPU.ActiveCfg = Debug|Any CPU
		{ABFD173E-A8E5-4F9D-BDA6-855914B10619}.All_Debug|Any CPU.Build.0 = Debug|Any CPU
		{ABFD173E-A8E5-4F9D-BDA6-855914B10619}.Debug|Any CPU.ActiveCfg = Debug|Any CPU
		{ABFD173E-A8E5-4F9D-BDA6-855914B10619}.Debug|Any CPU.Build.0 = Debug|Any CPU
		{ABFD173E-A8E5-4F9D-BDA6-855914B10619}.Release|Any CPU.ActiveCfg = Release|Any CPU
		{ABFD173E-A8E5-4F9D-BDA6-855914B10619}.Release|Any CPU.Build.0 = Release|Any CPU
		{1D330C13-6AC2-478F-A4E5-DCF713997BFF}.All_Debug|Any CPU.ActiveCfg = Debug|Any CPU
		{1D330C13-6AC2-478F-A4E5-DCF713997BFF}.All_Debug|Any CPU.Build.0 = Debug|Any CPU
		{1D330C13-6AC2-478F-A4E5-DCF713997BFF}.Debug|Any CPU.ActiveCfg = Debug|Any CPU
		{1D330C13-6AC2-478F-A4E5-DCF713997BFF}.Debug|Any CPU.Build.0 = Debug|Any CPU
		{1D330C13-6AC2-478F-A4E5-DCF713997BFF}.Release|Any CPU.ActiveCfg = Release|Any CPU
		{1D330C13-6AC2-478F-A4E5-DCF713997BFF}.Release|Any CPU.Build.0 = Release|Any CPU
		{3AAF1BB4-EB6A-4B10-8573-DABD5A4DC02B}.All_Debug|Any CPU.ActiveCfg = Debug|Any CPU
		{3AAF1BB4-EB6A-4B10-8573-DABD5A4DC02B}.All_Debug|Any CPU.Build.0 = Debug|Any CPU
		{3AAF1BB4-EB6A-4B10-8573-DABD5A4DC02B}.Debug|Any CPU.ActiveCfg = Debug|Any CPU
		{3AAF1BB4-EB6A-4B10-8573-DABD5A4DC02B}.Debug|Any CPU.Build.0 = Debug|Any CPU
		{3AAF1BB4-EB6A-4B10-8573-DABD5A4DC02B}.Release|Any CPU.ActiveCfg = Release|Any CPU
		{3AAF1BB4-EB6A-4B10-8573-DABD5A4DC02B}.Release|Any CPU.Build.0 = Release|Any CPU
		{482C3858-CECB-4230-91C0-30B304263EDD}.All_Debug|Any CPU.ActiveCfg = Debug|Any CPU
		{482C3858-CECB-4230-91C0-30B304263EDD}.All_Debug|Any CPU.Build.0 = Debug|Any CPU
		{482C3858-CECB-4230-91C0-30B304263EDD}.Debug|Any CPU.ActiveCfg = Debug|Any CPU
		{482C3858-CECB-4230-91C0-30B304263EDD}.Debug|Any CPU.Build.0 = Debug|Any CPU
		{482C3858-CECB-4230-91C0-30B304263EDD}.Release|Any CPU.ActiveCfg = Release|Any CPU
		{482C3858-CECB-4230-91C0-30B304263EDD}.Release|Any CPU.Build.0 = Release|Any CPU
		{88B280E4-84A2-496D-91B7-19841F7A1A66}.All_Debug|Any CPU.ActiveCfg = Debug|Any CPU
		{88B280E4-84A2-496D-91B7-19841F7A1A66}.All_Debug|Any CPU.Build.0 = Debug|Any CPU
		{88B280E4-84A2-496D-91B7-19841F7A1A66}.Debug|Any CPU.ActiveCfg = Debug|Any CPU
		{88B280E4-84A2-496D-91B7-19841F7A1A66}.Debug|Any CPU.Build.0 = Debug|Any CPU
		{88B280E4-84A2-496D-91B7-19841F7A1A66}.Release|Any CPU.ActiveCfg = Release|Any CPU
		{88B280E4-84A2-496D-91B7-19841F7A1A66}.Release|Any CPU.Build.0 = Release|Any CPU
		{01A8829F-6119-435F-BDF6-5D19EF78ED25}.All_Debug|Any CPU.ActiveCfg = Debug|Any CPU
		{01A8829F-6119-435F-BDF6-5D19EF78ED25}.All_Debug|Any CPU.Build.0 = Debug|Any CPU
		{01A8829F-6119-435F-BDF6-5D19EF78ED25}.Debug|Any CPU.ActiveCfg = Debug|Any CPU
		{01A8829F-6119-435F-BDF6-5D19EF78ED25}.Debug|Any CPU.Build.0 = Debug|Any CPU
		{01A8829F-6119-435F-BDF6-5D19EF78ED25}.Release|Any CPU.ActiveCfg = Release|Any CPU
		{01A8829F-6119-435F-BDF6-5D19EF78ED25}.Release|Any CPU.Build.0 = Release|Any CPU
		{6A2BBB10-7C0E-4DDE-B446-CA504385738E}.All_Debug|Any CPU.ActiveCfg = Debug|Any CPU
		{6A2BBB10-7C0E-4DDE-B446-CA504385738E}.All_Debug|Any CPU.Build.0 = Debug|Any CPU
		{6A2BBB10-7C0E-4DDE-B446-CA504385738E}.Debug|Any CPU.ActiveCfg = Debug|Any CPU
		{6A2BBB10-7C0E-4DDE-B446-CA504385738E}.Debug|Any CPU.Build.0 = Debug|Any CPU
		{6A2BBB10-7C0E-4DDE-B446-CA504385738E}.Release|Any CPU.ActiveCfg = Release|Any CPU
		{6A2BBB10-7C0E-4DDE-B446-CA504385738E}.Release|Any CPU.Build.0 = Release|Any CPU
		{AB908E2B-86D0-474A-B0BD-2573C9108E07}.All_Debug|Any CPU.ActiveCfg = Debug|Any CPU
		{AB908E2B-86D0-474A-B0BD-2573C9108E07}.All_Debug|Any CPU.Build.0 = Debug|Any CPU
		{AB908E2B-86D0-474A-B0BD-2573C9108E07}.Debug|Any CPU.ActiveCfg = Debug|Any CPU
		{AB908E2B-86D0-474A-B0BD-2573C9108E07}.Debug|Any CPU.Build.0 = Debug|Any CPU
		{AB908E2B-86D0-474A-B0BD-2573C9108E07}.Release|Any CPU.ActiveCfg = Release|Any CPU
		{AB908E2B-86D0-474A-B0BD-2573C9108E07}.Release|Any CPU.Build.0 = Release|Any CPU
		{4127DBAD-4AA0-441E-8FE1-3AB7350DC04A}.All_Debug|Any CPU.ActiveCfg = Debug|Any CPU
		{4127DBAD-4AA0-441E-8FE1-3AB7350DC04A}.All_Debug|Any CPU.Build.0 = Debug|Any CPU
		{4127DBAD-4AA0-441E-8FE1-3AB7350DC04A}.Debug|Any CPU.ActiveCfg = Debug|Any CPU
		{4127DBAD-4AA0-441E-8FE1-3AB7350DC04A}.Debug|Any CPU.Build.0 = Debug|Any CPU
		{4127DBAD-4AA0-441E-8FE1-3AB7350DC04A}.Release|Any CPU.ActiveCfg = Release|Any CPU
		{4127DBAD-4AA0-441E-8FE1-3AB7350DC04A}.Release|Any CPU.Build.0 = Release|Any CPU
		{A8323234-507A-49EF-ACB6-5F95A2C09039}.All_Debug|Any CPU.ActiveCfg = Debug|Any CPU
		{A8323234-507A-49EF-ACB6-5F95A2C09039}.All_Debug|Any CPU.Build.0 = Debug|Any CPU
		{A8323234-507A-49EF-ACB6-5F95A2C09039}.Debug|Any CPU.ActiveCfg = Debug|Any CPU
		{A8323234-507A-49EF-ACB6-5F95A2C09039}.Debug|Any CPU.Build.0 = Debug|Any CPU
		{A8323234-507A-49EF-ACB6-5F95A2C09039}.Release|Any CPU.ActiveCfg = Release|Any CPU
		{A8323234-507A-49EF-ACB6-5F95A2C09039}.Release|Any CPU.Build.0 = Release|Any CPU
		{82799536-740C-42D1-83FC-0B3A7C59CA25}.All_Debug|Any CPU.ActiveCfg = Debug|Any CPU
		{82799536-740C-42D1-83FC-0B3A7C59CA25}.All_Debug|Any CPU.Build.0 = Debug|Any CPU
		{82799536-740C-42D1-83FC-0B3A7C59CA25}.Debug|Any CPU.ActiveCfg = Debug|Any CPU
		{82799536-740C-42D1-83FC-0B3A7C59CA25}.Debug|Any CPU.Build.0 = Debug|Any CPU
		{82799536-740C-42D1-83FC-0B3A7C59CA25}.Release|Any CPU.ActiveCfg = Release|Any CPU
		{82799536-740C-42D1-83FC-0B3A7C59CA25}.Release|Any CPU.Build.0 = Release|Any CPU
		{7B093140-457F-407F-A22C-34CCC4E6503C}.All_Debug|Any CPU.ActiveCfg = Debug|Any CPU
		{7B093140-457F-407F-A22C-34CCC4E6503C}.All_Debug|Any CPU.Build.0 = Debug|Any CPU
		{7B093140-457F-407F-A22C-34CCC4E6503C}.Debug|Any CPU.ActiveCfg = Debug|Any CPU
		{7B093140-457F-407F-A22C-34CCC4E6503C}.Debug|Any CPU.Build.0 = Debug|Any CPU
		{7B093140-457F-407F-A22C-34CCC4E6503C}.Release|Any CPU.ActiveCfg = Release|Any CPU
		{7B093140-457F-407F-A22C-34CCC4E6503C}.Release|Any CPU.Build.0 = Release|Any CPU
		{198E83CB-DED7-473A-9FA7-F1E5724222AD}.All_Debug|Any CPU.ActiveCfg = Debug|Any CPU
		{198E83CB-DED7-473A-9FA7-F1E5724222AD}.All_Debug|Any CPU.Build.0 = Debug|Any CPU
		{198E83CB-DED7-473A-9FA7-F1E5724222AD}.Debug|Any CPU.ActiveCfg = Debug|Any CPU
		{198E83CB-DED7-473A-9FA7-F1E5724222AD}.Debug|Any CPU.Build.0 = Debug|Any CPU
		{198E83CB-DED7-473A-9FA7-F1E5724222AD}.Release|Any CPU.ActiveCfg = Release|Any CPU
		{198E83CB-DED7-473A-9FA7-F1E5724222AD}.Release|Any CPU.Build.0 = Release|Any CPU
		{D74577A5-2CAF-4D60-83EB-A9E5C5081D6B}.All_Debug|Any CPU.ActiveCfg = Debug|Any CPU
		{D74577A5-2CAF-4D60-83EB-A9E5C5081D6B}.All_Debug|Any CPU.Build.0 = Debug|Any CPU
		{D74577A5-2CAF-4D60-83EB-A9E5C5081D6B}.Debug|Any CPU.ActiveCfg = Debug|Any CPU
		{D74577A5-2CAF-4D60-83EB-A9E5C5081D6B}.Debug|Any CPU.Build.0 = Debug|Any CPU
		{D74577A5-2CAF-4D60-83EB-A9E5C5081D6B}.Release|Any CPU.ActiveCfg = Release|Any CPU
		{D74577A5-2CAF-4D60-83EB-A9E5C5081D6B}.Release|Any CPU.Build.0 = Release|Any CPU
		{A44350D6-12C6-4A50-9AD5-83D5AFF19FD4}.All_Debug|Any CPU.ActiveCfg = Debug|Any CPU
		{A44350D6-12C6-4A50-9AD5-83D5AFF19FD4}.All_Debug|Any CPU.Build.0 = Debug|Any CPU
		{A44350D6-12C6-4A50-9AD5-83D5AFF19FD4}.Debug|Any CPU.ActiveCfg = Debug|Any CPU
		{A44350D6-12C6-4A50-9AD5-83D5AFF19FD4}.Debug|Any CPU.Build.0 = Debug|Any CPU
		{A44350D6-12C6-4A50-9AD5-83D5AFF19FD4}.Release|Any CPU.ActiveCfg = Release|Any CPU
		{A44350D6-12C6-4A50-9AD5-83D5AFF19FD4}.Release|Any CPU.Build.0 = Release|Any CPU
		{E788229B-6EB8-4354-89C0-71DA8426B2E6}.All_Debug|Any CPU.ActiveCfg = Debug|Any CPU
		{E788229B-6EB8-4354-89C0-71DA8426B2E6}.All_Debug|Any CPU.Build.0 = Debug|Any CPU
		{E788229B-6EB8-4354-89C0-71DA8426B2E6}.Debug|Any CPU.ActiveCfg = Debug|Any CPU
		{E788229B-6EB8-4354-89C0-71DA8426B2E6}.Debug|Any CPU.Build.0 = Debug|Any CPU
		{E788229B-6EB8-4354-89C0-71DA8426B2E6}.Release|Any CPU.ActiveCfg = Release|Any CPU
		{E788229B-6EB8-4354-89C0-71DA8426B2E6}.Release|Any CPU.Build.0 = Release|Any CPU
		{1638FF35-B151-4AEE-BE4A-C0701C859D40}.All_Debug|Any CPU.ActiveCfg = Debug|Any CPU
		{1638FF35-B151-4AEE-BE4A-C0701C859D40}.All_Debug|Any CPU.Build.0 = Debug|Any CPU
		{1638FF35-B151-4AEE-BE4A-C0701C859D40}.Debug|Any CPU.ActiveCfg = Debug|Any CPU
		{1638FF35-B151-4AEE-BE4A-C0701C859D40}.Debug|Any CPU.Build.0 = Debug|Any CPU
		{1638FF35-B151-4AEE-BE4A-C0701C859D40}.Release|Any CPU.ActiveCfg = Release|Any CPU
		{1638FF35-B151-4AEE-BE4A-C0701C859D40}.Release|Any CPU.Build.0 = Release|Any CPU
		{05E8C818-1EBA-4AE5-9695-E815AC881A5B}.All_Debug|Any CPU.ActiveCfg = Debug|Any CPU
		{05E8C818-1EBA-4AE5-9695-E815AC881A5B}.All_Debug|Any CPU.Build.0 = Debug|Any CPU
		{05E8C818-1EBA-4AE5-9695-E815AC881A5B}.Debug|Any CPU.ActiveCfg = Debug|Any CPU
		{05E8C818-1EBA-4AE5-9695-E815AC881A5B}.Debug|Any CPU.Build.0 = Debug|Any CPU
		{05E8C818-1EBA-4AE5-9695-E815AC881A5B}.Release|Any CPU.ActiveCfg = Release|Any CPU
		{05E8C818-1EBA-4AE5-9695-E815AC881A5B}.Release|Any CPU.Build.0 = Release|Any CPU
		{740BDF54-BFF2-4B6F-A84A-06B231EE4C7B}.All_Debug|Any CPU.ActiveCfg = Debug|Any CPU
		{740BDF54-BFF2-4B6F-A84A-06B231EE4C7B}.All_Debug|Any CPU.Build.0 = Debug|Any CPU
		{740BDF54-BFF2-4B6F-A84A-06B231EE4C7B}.Debug|Any CPU.ActiveCfg = Debug|Any CPU
		{740BDF54-BFF2-4B6F-A84A-06B231EE4C7B}.Debug|Any CPU.Build.0 = Debug|Any CPU
		{740BDF54-BFF2-4B6F-A84A-06B231EE4C7B}.Release|Any CPU.ActiveCfg = Release|Any CPU
		{740BDF54-BFF2-4B6F-A84A-06B231EE4C7B}.Release|Any CPU.Build.0 = Release|Any CPU
		{B1602C99-3877-46A3-970B-3EF59CEDEEBE}.All_Debug|Any CPU.ActiveCfg = Debug|Any CPU
		{B1602C99-3877-46A3-970B-3EF59CEDEEBE}.All_Debug|Any CPU.Build.0 = Debug|Any CPU
		{B1602C99-3877-46A3-970B-3EF59CEDEEBE}.Debug|Any CPU.ActiveCfg = Debug|Any CPU
		{B1602C99-3877-46A3-970B-3EF59CEDEEBE}.Debug|Any CPU.Build.0 = Debug|Any CPU
		{B1602C99-3877-46A3-970B-3EF59CEDEEBE}.Release|Any CPU.ActiveCfg = Release|Any CPU
		{B1602C99-3877-46A3-970B-3EF59CEDEEBE}.Release|Any CPU.Build.0 = Release|Any CPU
	EndGlobalSection
	GlobalSection(SolutionProperties) = preSolution
		HideSolutionNode = FALSE
	EndGlobalSection
	GlobalSection(NestedProjects) = preSolution
		{5B56BE65-FC57-4EC3-BF1D-D27A065B5CDE} = {BFEFEECE-EC7F-47C9-8E16-931DFC08943A}
		{607A37B0-B49D-4D47-A9B5-F5495A64D757} = {35EB4CC9-A341-4065-AA14-20BAD119A97E}
		{CD1E8436-65E0-4E8D-9977-6C94CE631A21} = {F0CE665D-85E4-4355-A660-0FCEF82423C2}
		{EBAE560E-4432-4343-B781-560FCF4A96A1} = {171A8B95-31D3-4C76-BEBD-0F91E6F25017}
		{BB9FAB25-C19C-4013-B88C-FBAC06F58715} = {F0CE665D-85E4-4355-A660-0FCEF82423C2}
		{F0CE665D-85E4-4355-A660-0FCEF82423C2} = {C47657DB-3FA3-4C0C-B506-96A685E3B714}
		{4CDA9122-3776-4ED3-A49A-F20D426FCB16} = {1145333F-FF8A-45D0-92CE-67CFF7E2B3E5}
		{054D8B91-C52F-4D2A-9200-990DB48BDBF1} = {4DB2004D-44E6-43B0-AFAE-1393EDC66BFE}
		{2F73C077-B8CB-47A1-89CA-140C47705F53} = {4DB2004D-44E6-43B0-AFAE-1393EDC66BFE}
		{954DBAEF-55B9-4516-84C6-796F6657852A} = {4DB2004D-44E6-43B0-AFAE-1393EDC66BFE}
		{4DB2004D-44E6-43B0-AFAE-1393EDC66BFE} = {C47657DB-3FA3-4C0C-B506-96A685E3B714}
		{171A8B95-31D3-4C76-BEBD-0F91E6F25017} = {C47657DB-3FA3-4C0C-B506-96A685E3B714}
		{436D1412-AB0D-4F8B-A51C-04A533308B4F} = {171A8B95-31D3-4C76-BEBD-0F91E6F25017}
		{BB7D13C7-041D-4F1D-93AD-0C64FB856DFA} = {BEAFC9DD-26E1-4EA7-AF07-DC0979AA6BA9}
		{BEAFC9DD-26E1-4EA7-AF07-DC0979AA6BA9} = {C47657DB-3FA3-4C0C-B506-96A685E3B714}
		{D5167AE2-D1E6-4EF0-8118-1BA0E2579229} = {C47657DB-3FA3-4C0C-B506-96A685E3B714}
		{ABFD173E-A8E5-4F9D-BDA6-855914B10619} = {D5167AE2-D1E6-4EF0-8118-1BA0E2579229}
		{2D17B597-5DF8-4763-ADC3-B8804077C168} = {D5167AE2-D1E6-4EF0-8118-1BA0E2579229}
		{1D330C13-6AC2-478F-A4E5-DCF713997BFF} = {384E512E-8BA9-4D06-AD7C-AF6C2EEF5B5A}
		{3AAF1BB4-EB6A-4B10-8573-DABD5A4DC02B} = {01667768-FD42-4F46-AE63-B3DD172AA11E}
		{B5D3B20D-E936-474B-B28F-A0446C21CDE8} = {2D17B597-5DF8-4763-ADC3-B8804077C168}
		{384E512E-8BA9-4D06-AD7C-AF6C2EEF5B5A} = {2D17B597-5DF8-4763-ADC3-B8804077C168}
		{01667768-FD42-4F46-AE63-B3DD172AA11E} = {2D17B597-5DF8-4763-ADC3-B8804077C168}
		{3B1A47C2-FF66-4D0A-958A-77BC66646BEB} = {D5167AE2-D1E6-4EF0-8118-1BA0E2579229}
		{482C3858-CECB-4230-91C0-30B304263EDD} = {B5D3B20D-E936-474B-B28F-A0446C21CDE8}
		{88B280E4-84A2-496D-91B7-19841F7A1A66} = {B5D3B20D-E936-474B-B28F-A0446C21CDE8}
		{01A8829F-6119-435F-BDF6-5D19EF78ED25} = {B5D3B20D-E936-474B-B28F-A0446C21CDE8}
		{6A2BBB10-7C0E-4DDE-B446-CA504385738E} = {3B1A47C2-FF66-4D0A-958A-77BC66646BEB}
		{1145333F-FF8A-45D0-92CE-67CFF7E2B3E5} = {F9F7DD6A-4A08-4569-8CBD-1028BA95A228}
		{5E8009B9-2F79-4D18-9B81-8991237E382A} = {F9F7DD6A-4A08-4569-8CBD-1028BA95A228}
		{AB908E2B-86D0-474A-B0BD-2573C9108E07} = {BFEFEECE-EC7F-47C9-8E16-931DFC08943A}
		{4127DBAD-4AA0-441E-8FE1-3AB7350DC04A} = {F0CE665D-85E4-4355-A660-0FCEF82423C2}
		{A8323234-507A-49EF-ACB6-5F95A2C09039} = {BFEFEECE-EC7F-47C9-8E16-931DFC08943A}
		{82799536-740C-42D1-83FC-0B3A7C59CA25} = {35EB4CC9-A341-4065-AA14-20BAD119A97E}
		{7B093140-457F-407F-A22C-34CCC4E6503C} = {4DB2004D-44E6-43B0-AFAE-1393EDC66BFE}
		{A300DDF7-E48B-4B2D-A346-0A1DF2EDC435} = {C47657DB-3FA3-4C0C-B506-96A685E3B714}
		{198E83CB-DED7-473A-9FA7-F1E5724222AD} = {A300DDF7-E48B-4B2D-A346-0A1DF2EDC435}
		{D74577A5-2CAF-4D60-83EB-A9E5C5081D6B} = {BFEFEECE-EC7F-47C9-8E16-931DFC08943A}
		{A44350D6-12C6-4A50-9AD5-83D5AFF19FD4} = {BFEFEECE-EC7F-47C9-8E16-931DFC08943A}
		{E788229B-6EB8-4354-89C0-71DA8426B2E6} = {5E8009B9-2F79-4D18-9B81-8991237E382A}
		{1638FF35-B151-4AEE-BE4A-C0701C859D40} = {1145333F-FF8A-45D0-92CE-67CFF7E2B3E5}
		{05E8C818-1EBA-4AE5-9695-E815AC881A5B} = {F9F7DD6A-4A08-4569-8CBD-1028BA95A228}
		{740BDF54-BFF2-4B6F-A84A-06B231EE4C7B} = {A300DDF7-E48B-4B2D-A346-0A1DF2EDC435}
		{B1602C99-3877-46A3-970B-3EF59CEDEEBE} = {A300DDF7-E48B-4B2D-A346-0A1DF2EDC435}
	EndGlobalSection
	GlobalSection(ExtensibilityGlobals) = postSolution
		SolutionGuid = {71EB1177-FFB8-48AA-BE39-14BBC3A402C8}
	EndGlobalSection
EndGlobal
