
Microsoft Visual Studio Solution File, Format Version 12.00
# Visual Studio 15
VisualStudioVersion = 15.0.27004.2009
MinimumVisualStudioVersion = 10.0.40219.1
Project("{9A19103F-16F7-4668-BE54-9A1E7A4F7556}") = "Prime.Bootstrap", "Prime.Bootstrap\Prime.Bootstrap.csproj", "{DAE4BC0E-D8FF-445C-B1D6-A5DA7DD19AAD}"
EndProject
Project("{2150E333-8FDC-42A3-9474-1A3956D46DE8}") = "Testing", "Testing", "{BFEFEECE-EC7F-47C9-8E16-931DFC08943A}"
EndProject
Project("{2150E333-8FDC-42A3-9474-1A3956D46DE8}") = "Unit", "Unit", "{DCE43604-FF28-400C-B7B1-A39F2BA2F4AA}"
EndProject
Project("{2150E333-8FDC-42A3-9474-1A3956D46DE8}") = "Extensions", "Extensions", "{C47657DB-3FA3-4C0C-B506-96A685E3B714}"
EndProject
Project("{9A19103F-16F7-4668-BE54-9A1E7A4F7556}") = "Prime.Tests", "Prime.Tests\Prime.Tests.csproj", "{5B56BE65-FC57-4EC3-BF1D-D27A065B5CDE}"
EndProject
Project("{9A19103F-16F7-4668-BE54-9A1E7A4F7556}") = "Prime.Core", "Prime.Core\Prime.Core.csproj", "{607A37B0-B49D-4D47-A9B5-F5495A64D757}"
EndProject
Project("{2150E333-8FDC-42A3-9474-1A3956D46DE8}") = "Integration", "Integration", "{21062BD8-3B82-4E32-A929-6CA5AC9CBFBD}"
EndProject
Project("{9A19103F-16F7-4668-BE54-9A1E7A4F7556}") = "Prime.Finance.Services", "Ext\Prime.Finance.Services\Prime.Finance.Services.csproj", "{CD1E8436-65E0-4E8D-9977-6C94CE631A21}"
EndProject
Project("{9A19103F-16F7-4668-BE54-9A1E7A4F7556}") = "Prime.KeysManager", "Ext\Prime.KeysManager\Prime.KeysManager.csproj", "{EBAE560E-4432-4343-B781-560FCF4A96A1}"
EndProject
Project("{9A19103F-16F7-4668-BE54-9A1E7A4F7556}") = "Prime.Finance", "Ext\Prime.Finance\Prime.Finance.csproj", "{BB9FAB25-C19C-4013-B88C-FBAC06F58715}"
EndProject
Project("{2150E333-8FDC-42A3-9474-1A3956D46DE8}") = "Finance", "Finance", "{F0CE665D-85E4-4355-A660-0FCEF82423C2}"
EndProject
Project("{9A19103F-16F7-4668-BE54-9A1E7A4F7556}") = "Prime.Console", "Prime.Console\Prime.Console.csproj", "{61534319-C259-43A8-8026-50B2298966CE}"
EndProject
Project("{2150E333-8FDC-42A3-9474-1A3956D46DE8}") = "Platform", "Platform", "{F9F7DD6A-4A08-4569-8CBD-1028BA95A228}"
EndProject
Project("{9A19103F-16F7-4668-BE54-9A1E7A4F7556}") = "Prime.Core.Windows", "Prime.Windows\Prime.Core.Windows.csproj", "{4CDA9122-3776-4ED3-A49A-F20D426FCB16}"
EndProject
Project("{9A19103F-16F7-4668-BE54-9A1E7A4F7556}") = "Prime.Base", "Prime.Base\Prime.Base.csproj", "{51044A3A-27B8-4A00-A032-52FFF4559321}"
EndProject
Project("{9A19103F-16F7-4668-BE54-9A1E7A4F7556}") = "Prime.PackageManager", "Ext\Prime.PackageManager\Prime.PackageManager\Prime.PackageManager.csproj", "{6A6C622C-5086-4345-8438-4BD103ECE746}"
EndProject
Project("{2150E333-8FDC-42A3-9474-1A3956D46DE8}") = "PackageManagement", "PackageManagement", "{A8040409-A523-4E52-A6AB-C26EC7B8BB87}"
EndProject
Project("{9A19103F-16F7-4668-BE54-9A1E7A4F7556}") = "Prime.ExtensionPackager", "Ext\Prime.ExtensionPackager\Prime.ExtensionPackager\Prime.ExtensionPackager.csproj", "{ACF22C2F-6E16-4F77-9C51-0D105194559B}"
EndProject
Project("{9A19103F-16F7-4668-BE54-9A1E7A4F7556}") = "Prime.SocketServer", "Ext\Prime.SocketServer\Prime.SocketServer.csproj", "{054D8B91-C52F-4D2A-9200-990DB48BDBF1}"
EndProject
Project("{9A19103F-16F7-4668-BE54-9A1E7A4F7556}") = "Prime.MessageServer", "Ext\Prime.MessageServer\Prime.MessageServer.csproj", "{2F73C077-B8CB-47A1-89CA-140C47705F53}"
EndProject
Project("{FAE04EC0-301F-11D3-BF4B-00C04F79EFBC}") = "Prime.Console.Windows", "Prime.Console.Windows\Prime.Console.Windows.csproj", "{E796ABCD-1905-4DDD-A884-0C0D6267DADA}"
EndProject
Project("{9A19103F-16F7-4668-BE54-9A1E7A4F7556}") = "Prime.WebSocketServer", "Ext\Prime.WebSocketServer\Prime.WebSocketServer.csproj", "{954DBAEF-55B9-4516-84C6-796F6657852A}"
EndProject
Global
	GlobalSection(SolutionConfigurationPlatforms) = preSolution
		All_Debug|Any CPU = All_Debug|Any CPU
		Debug|Any CPU = Debug|Any CPU
		Release|Any CPU = Release|Any CPU
	EndGlobalSection
	GlobalSection(ProjectConfigurationPlatforms) = postSolution
		{DAE4BC0E-D8FF-445C-B1D6-A5DA7DD19AAD}.All_Debug|Any CPU.ActiveCfg = Debug|Any CPU
		{DAE4BC0E-D8FF-445C-B1D6-A5DA7DD19AAD}.All_Debug|Any CPU.Build.0 = Debug|Any CPU
		{DAE4BC0E-D8FF-445C-B1D6-A5DA7DD19AAD}.Debug|Any CPU.ActiveCfg = Debug|Any CPU
		{DAE4BC0E-D8FF-445C-B1D6-A5DA7DD19AAD}.Debug|Any CPU.Build.0 = Debug|Any CPU
		{DAE4BC0E-D8FF-445C-B1D6-A5DA7DD19AAD}.Release|Any CPU.ActiveCfg = Release|Any CPU
		{DAE4BC0E-D8FF-445C-B1D6-A5DA7DD19AAD}.Release|Any CPU.Build.0 = Release|Any CPU
		{5B56BE65-FC57-4EC3-BF1D-D27A065B5CDE}.All_Debug|Any CPU.ActiveCfg = Debug|Any CPU
		{5B56BE65-FC57-4EC3-BF1D-D27A065B5CDE}.All_Debug|Any CPU.Build.0 = Debug|Any CPU
		{5B56BE65-FC57-4EC3-BF1D-D27A065B5CDE}.Debug|Any CPU.ActiveCfg = Debug|Any CPU
		{5B56BE65-FC57-4EC3-BF1D-D27A065B5CDE}.Debug|Any CPU.Build.0 = Debug|Any CPU
		{5B56BE65-FC57-4EC3-BF1D-D27A065B5CDE}.Release|Any CPU.ActiveCfg = Release|Any CPU
		{5B56BE65-FC57-4EC3-BF1D-D27A065B5CDE}.Release|Any CPU.Build.0 = Release|Any CPU
		{607A37B0-B49D-4D47-A9B5-F5495A64D757}.All_Debug|Any CPU.ActiveCfg = All_Debug|Any CPU
		{607A37B0-B49D-4D47-A9B5-F5495A64D757}.All_Debug|Any CPU.Build.0 = All_Debug|Any CPU
		{607A37B0-B49D-4D47-A9B5-F5495A64D757}.Debug|Any CPU.ActiveCfg = Debug|Any CPU
		{607A37B0-B49D-4D47-A9B5-F5495A64D757}.Debug|Any CPU.Build.0 = Debug|Any CPU
		{607A37B0-B49D-4D47-A9B5-F5495A64D757}.Release|Any CPU.ActiveCfg = Release|Any CPU
		{607A37B0-B49D-4D47-A9B5-F5495A64D757}.Release|Any CPU.Build.0 = Release|Any CPU
		{CD1E8436-65E0-4E8D-9977-6C94CE631A21}.All_Debug|Any CPU.ActiveCfg = All_Debug|Any CPU
		{CD1E8436-65E0-4E8D-9977-6C94CE631A21}.All_Debug|Any CPU.Build.0 = All_Debug|Any CPU
		{CD1E8436-65E0-4E8D-9977-6C94CE631A21}.Debug|Any CPU.ActiveCfg = Debug|Any CPU
		{CD1E8436-65E0-4E8D-9977-6C94CE631A21}.Debug|Any CPU.Build.0 = Debug|Any CPU
		{CD1E8436-65E0-4E8D-9977-6C94CE631A21}.Release|Any CPU.ActiveCfg = Release|Any CPU
		{CD1E8436-65E0-4E8D-9977-6C94CE631A21}.Release|Any CPU.Build.0 = Release|Any CPU
		{EBAE560E-4432-4343-B781-560FCF4A96A1}.All_Debug|Any CPU.ActiveCfg = Debug|Any CPU
		{EBAE560E-4432-4343-B781-560FCF4A96A1}.All_Debug|Any CPU.Build.0 = Debug|Any CPU
		{EBAE560E-4432-4343-B781-560FCF4A96A1}.Debug|Any CPU.ActiveCfg = Debug|Any CPU
		{EBAE560E-4432-4343-B781-560FCF4A96A1}.Debug|Any CPU.Build.0 = Debug|Any CPU
		{EBAE560E-4432-4343-B781-560FCF4A96A1}.Release|Any CPU.ActiveCfg = Release|Any CPU
		{EBAE560E-4432-4343-B781-560FCF4A96A1}.Release|Any CPU.Build.0 = Release|Any CPU
		{BB9FAB25-C19C-4013-B88C-FBAC06F58715}.All_Debug|Any CPU.ActiveCfg = Debug|Any CPU
		{BB9FAB25-C19C-4013-B88C-FBAC06F58715}.All_Debug|Any CPU.Build.0 = Debug|Any CPU
		{BB9FAB25-C19C-4013-B88C-FBAC06F58715}.Debug|Any CPU.ActiveCfg = Debug|Any CPU
		{BB9FAB25-C19C-4013-B88C-FBAC06F58715}.Debug|Any CPU.Build.0 = Debug|Any CPU
		{BB9FAB25-C19C-4013-B88C-FBAC06F58715}.Release|Any CPU.ActiveCfg = Release|Any CPU
		{BB9FAB25-C19C-4013-B88C-FBAC06F58715}.Release|Any CPU.Build.0 = Release|Any CPU
		{61534319-C259-43A8-8026-50B2298966CE}.All_Debug|Any CPU.ActiveCfg = Debug|Any CPU
		{61534319-C259-43A8-8026-50B2298966CE}.All_Debug|Any CPU.Build.0 = Debug|Any CPU
		{61534319-C259-43A8-8026-50B2298966CE}.Debug|Any CPU.ActiveCfg = Debug|Any CPU
		{61534319-C259-43A8-8026-50B2298966CE}.Debug|Any CPU.Build.0 = Debug|Any CPU
		{61534319-C259-43A8-8026-50B2298966CE}.Release|Any CPU.ActiveCfg = Release|Any CPU
		{61534319-C259-43A8-8026-50B2298966CE}.Release|Any CPU.Build.0 = Release|Any CPU
		{4CDA9122-3776-4ED3-A49A-F20D426FCB16}.All_Debug|Any CPU.ActiveCfg = Debug|Any CPU
		{4CDA9122-3776-4ED3-A49A-F20D426FCB16}.All_Debug|Any CPU.Build.0 = Debug|Any CPU
		{4CDA9122-3776-4ED3-A49A-F20D426FCB16}.Debug|Any CPU.ActiveCfg = Debug|Any CPU
		{4CDA9122-3776-4ED3-A49A-F20D426FCB16}.Debug|Any CPU.Build.0 = Debug|Any CPU
		{4CDA9122-3776-4ED3-A49A-F20D426FCB16}.Release|Any CPU.ActiveCfg = Release|Any CPU
		{4CDA9122-3776-4ED3-A49A-F20D426FCB16}.Release|Any CPU.Build.0 = Release|Any CPU
		{51044A3A-27B8-4A00-A032-52FFF4559321}.All_Debug|Any CPU.ActiveCfg = Debug|Any CPU
		{51044A3A-27B8-4A00-A032-52FFF4559321}.All_Debug|Any CPU.Build.0 = Debug|Any CPU
		{51044A3A-27B8-4A00-A032-52FFF4559321}.Debug|Any CPU.ActiveCfg = Debug|Any CPU
		{51044A3A-27B8-4A00-A032-52FFF4559321}.Debug|Any CPU.Build.0 = Debug|Any CPU
		{51044A3A-27B8-4A00-A032-52FFF4559321}.Release|Any CPU.ActiveCfg = Release|Any CPU
		{51044A3A-27B8-4A00-A032-52FFF4559321}.Release|Any CPU.Build.0 = Release|Any CPU
		{6A6C622C-5086-4345-8438-4BD103ECE746}.All_Debug|Any CPU.ActiveCfg = Debug|Any CPU
		{6A6C622C-5086-4345-8438-4BD103ECE746}.All_Debug|Any CPU.Build.0 = Debug|Any CPU
		{6A6C622C-5086-4345-8438-4BD103ECE746}.Debug|Any CPU.ActiveCfg = Debug|Any CPU
		{6A6C622C-5086-4345-8438-4BD103ECE746}.Debug|Any CPU.Build.0 = Debug|Any CPU
		{6A6C622C-5086-4345-8438-4BD103ECE746}.Release|Any CPU.ActiveCfg = Release|Any CPU
		{6A6C622C-5086-4345-8438-4BD103ECE746}.Release|Any CPU.Build.0 = Release|Any CPU
		{ACF22C2F-6E16-4F77-9C51-0D105194559B}.All_Debug|Any CPU.ActiveCfg = Debug|Any CPU
		{ACF22C2F-6E16-4F77-9C51-0D105194559B}.All_Debug|Any CPU.Build.0 = Debug|Any CPU
		{ACF22C2F-6E16-4F77-9C51-0D105194559B}.Debug|Any CPU.ActiveCfg = Debug|Any CPU
		{ACF22C2F-6E16-4F77-9C51-0D105194559B}.Debug|Any CPU.Build.0 = Debug|Any CPU
		{ACF22C2F-6E16-4F77-9C51-0D105194559B}.Release|Any CPU.ActiveCfg = Release|Any CPU
		{ACF22C2F-6E16-4F77-9C51-0D105194559B}.Release|Any CPU.Build.0 = Release|Any CPU
		{054D8B91-C52F-4D2A-9200-990DB48BDBF1}.All_Debug|Any CPU.ActiveCfg = Debug|Any CPU
		{054D8B91-C52F-4D2A-9200-990DB48BDBF1}.All_Debug|Any CPU.Build.0 = Debug|Any CPU
		{054D8B91-C52F-4D2A-9200-990DB48BDBF1}.Debug|Any CPU.ActiveCfg = Debug|Any CPU
		{054D8B91-C52F-4D2A-9200-990DB48BDBF1}.Debug|Any CPU.Build.0 = Debug|Any CPU
		{054D8B91-C52F-4D2A-9200-990DB48BDBF1}.Release|Any CPU.ActiveCfg = Release|Any CPU
		{054D8B91-C52F-4D2A-9200-990DB48BDBF1}.Release|Any CPU.Build.0 = Release|Any CPU
		{2F73C077-B8CB-47A1-89CA-140C47705F53}.All_Debug|Any CPU.ActiveCfg = Debug|Any CPU
		{2F73C077-B8CB-47A1-89CA-140C47705F53}.All_Debug|Any CPU.Build.0 = Debug|Any CPU
		{2F73C077-B8CB-47A1-89CA-140C47705F53}.Debug|Any CPU.ActiveCfg = Debug|Any CPU
		{2F73C077-B8CB-47A1-89CA-140C47705F53}.Debug|Any CPU.Build.0 = Debug|Any CPU
		{2F73C077-B8CB-47A1-89CA-140C47705F53}.Release|Any CPU.ActiveCfg = Release|Any CPU
		{2F73C077-B8CB-47A1-89CA-140C47705F53}.Release|Any CPU.Build.0 = Release|Any CPU
		{E796ABCD-1905-4DDD-A884-0C0D6267DADA}.All_Debug|Any CPU.ActiveCfg = Debug|Any CPU
		{E796ABCD-1905-4DDD-A884-0C0D6267DADA}.All_Debug|Any CPU.Build.0 = Debug|Any CPU
		{E796ABCD-1905-4DDD-A884-0C0D6267DADA}.Debug|Any CPU.ActiveCfg = Debug|Any CPU
		{E796ABCD-1905-4DDD-A884-0C0D6267DADA}.Debug|Any CPU.Build.0 = Debug|Any CPU
		{E796ABCD-1905-4DDD-A884-0C0D6267DADA}.Release|Any CPU.ActiveCfg = Release|Any CPU
		{E796ABCD-1905-4DDD-A884-0C0D6267DADA}.Release|Any CPU.Build.0 = Release|Any CPU
		{954DBAEF-55B9-4516-84C6-796F6657852A}.All_Debug|Any CPU.ActiveCfg = Debug|Any CPU
		{954DBAEF-55B9-4516-84C6-796F6657852A}.All_Debug|Any CPU.Build.0 = Debug|Any CPU
		{954DBAEF-55B9-4516-84C6-796F6657852A}.Debug|Any CPU.ActiveCfg = Debug|Any CPU
		{954DBAEF-55B9-4516-84C6-796F6657852A}.Debug|Any CPU.Build.0 = Debug|Any CPU
		{954DBAEF-55B9-4516-84C6-796F6657852A}.Release|Any CPU.ActiveCfg = Release|Any CPU
		{954DBAEF-55B9-4516-84C6-796F6657852A}.Release|Any CPU.Build.0 = Release|Any CPU
	EndGlobalSection
	GlobalSection(SolutionProperties) = preSolution
		HideSolutionNode = FALSE
	EndGlobalSection
	GlobalSection(NestedProjects) = preSolution
		{DCE43604-FF28-400C-B7B1-A39F2BA2F4AA} = {BFEFEECE-EC7F-47C9-8E16-931DFC08943A}
		{5B56BE65-FC57-4EC3-BF1D-D27A065B5CDE} = {21062BD8-3B82-4E32-A929-6CA5AC9CBFBD}
		{21062BD8-3B82-4E32-A929-6CA5AC9CBFBD} = {BFEFEECE-EC7F-47C9-8E16-931DFC08943A}
		{CD1E8436-65E0-4E8D-9977-6C94CE631A21} = {F0CE665D-85E4-4355-A660-0FCEF82423C2}
		{EBAE560E-4432-4343-B781-560FCF4A96A1} = {C47657DB-3FA3-4C0C-B506-96A685E3B714}
		{BB9FAB25-C19C-4013-B88C-FBAC06F58715} = {F0CE665D-85E4-4355-A660-0FCEF82423C2}
		{F0CE665D-85E4-4355-A660-0FCEF82423C2} = {C47657DB-3FA3-4C0C-B506-96A685E3B714}
		{61534319-C259-43A8-8026-50B2298966CE} = {BFEFEECE-EC7F-47C9-8E16-931DFC08943A}
		{4CDA9122-3776-4ED3-A49A-F20D426FCB16} = {F9F7DD6A-4A08-4569-8CBD-1028BA95A228}
		{6A6C622C-5086-4345-8438-4BD103ECE746} = {A8040409-A523-4E52-A6AB-C26EC7B8BB87}
		{A8040409-A523-4E52-A6AB-C26EC7B8BB87} = {C47657DB-3FA3-4C0C-B506-96A685E3B714}
		{ACF22C2F-6E16-4F77-9C51-0D105194559B} = {A8040409-A523-4E52-A6AB-C26EC7B8BB87}
		{054D8B91-C52F-4D2A-9200-990DB48BDBF1} = {C47657DB-3FA3-4C0C-B506-96A685E3B714}
		{2F73C077-B8CB-47A1-89CA-140C47705F53} = {C47657DB-3FA3-4C0C-B506-96A685E3B714}
		{E796ABCD-1905-4DDD-A884-0C0D6267DADA} = {BFEFEECE-EC7F-47C9-8E16-931DFC08943A}
		{954DBAEF-55B9-4516-84C6-796F6657852A} = {C47657DB-3FA3-4C0C-B506-96A685E3B714}
	EndGlobalSection
	GlobalSection(ExtensibilityGlobals) = postSolution
		SolutionGuid = {9BA2A119-8A5F-4F1E-87E5-DF9ECABDF7C4}
	EndGlobalSection
EndGlobal
