
Microsoft Visual Studio Solution File, Format Version 12.00
# Visual Studio 15
VisualStudioVersion = 15.0.27428.2037
MinimumVisualStudioVersion = 10.0.40219.1
Project("{FAE04EC0-301F-11D3-BF4B-00C04F79EFBC}") = "Prime.Core.Win", "Prime.Core.Win\Prime.Core.Win.csproj", "{EE1A4437-BC5F-4A5D-BA96-A67BF877555B}"
EndProject
Project("{FAE04EC0-301F-11D3-BF4B-00C04F79EFBC}") = "Prime.IPFS.Win", "Prime.IPFS.Win\Prime.IPFS.Win.csproj", "{FBE4B1A9-8B08-40CE-B557-87D9D64FB75E}"
EndProject
Project("{9A19103F-16F7-4668-BE54-9A1E7A4F7556}") = "Prime.IPFS", "Prime.IPFS\Prime.IPFS.csproj", "{ABFD173E-A8E5-4F9D-BDA6-855914B10619}"
EndProject
Project("{FAE04EC0-301F-11D3-BF4B-00C04F79EFBC}") = "Prime.IPFS.Win32", "Prime.IPFS.Win32\Prime.IPFS.Win32.csproj", "{592D921E-6532-4275-AD88-F8C44DA6ADBC}"
EndProject
Project("{2150E333-8FDC-42A3-9474-1A3956D46DE8}") = "Platforms", "Platforms", "{2D17B597-5DF8-4763-ADC3-B8804077C168}"
EndProject
Project("{FAE04EC0-301F-11D3-BF4B-00C04F79EFBC}") = "Prime.IPFS.Win64", "Prime.IPFS.Win64\Prime.IPFS.Win64.csproj", "{2CC3077E-4A21-485F-8F6C-7687E4928A65}"
EndProject
Project("{9A19103F-16F7-4668-BE54-9A1E7A4F7556}") = "Prime.IPFS.Lin64", "Prime.IPFS.Lin64\Prime.IPFS.Lin64.csproj", "{1D330C13-6AC2-478F-A4E5-DCF713997BFF}"
EndProject
Project("{9A19103F-16F7-4668-BE54-9A1E7A4F7556}") = "Prime.IPFS.Mac64", "Prime.IPFS.Mac64\Prime.IPFS.Mac64.csproj", "{3AAF1BB4-EB6A-4B10-8573-DABD5A4DC02B}"
EndProject
Project("{2150E333-8FDC-42A3-9474-1A3956D46DE8}") = "Windows", "Windows", "{B5D3B20D-E936-474B-B28F-A0446C21CDE8}"
EndProject
Project("{2150E333-8FDC-42A3-9474-1A3956D46DE8}") = "Linux", "Linux", "{384E512E-8BA9-4D06-AD7C-AF6C2EEF5B5A}"
EndProject
Project("{2150E333-8FDC-42A3-9474-1A3956D46DE8}") = "Macintosh", "Macintosh", "{01667768-FD42-4F46-AE63-B3DD172AA11E}"
EndProject
Project("{2150E333-8FDC-42A3-9474-1A3956D46DE8}") = "Tests", "Tests", "{3B1A47C2-FF66-4D0A-958A-77BC66646BEB}"
EndProject
Project("{FAE04EC0-301F-11D3-BF4B-00C04F79EFBC}") = "Prime.IPFS.Tests", "Tests\IPFS.Tests\Prime.IPFS.Tests.csproj", "{4F3DDDB1-F774-43EE-82B7-19CEF462B3DE}"
EndProject
Project("{FAE04EC0-301F-11D3-BF4B-00C04F79EFBC}") = "Prime.IPFS.Console", "Prime.IPFS.Console\Prime.IPFS.Console.csproj", "{2A8C627F-A797-41CD-B559-7BF19A9058A5}"
EndProject
Global
	GlobalSection(SolutionConfigurationPlatforms) = preSolution
		Debug|Any CPU = Debug|Any CPU
		Release|Any CPU = Release|Any CPU
	EndGlobalSection
	GlobalSection(ProjectConfigurationPlatforms) = postSolution
		{EE1A4437-BC5F-4A5D-BA96-A67BF877555B}.Debug|Any CPU.ActiveCfg = Debug|Any CPU
		{EE1A4437-BC5F-4A5D-BA96-A67BF877555B}.Debug|Any CPU.Build.0 = Debug|Any CPU
		{EE1A4437-BC5F-4A5D-BA96-A67BF877555B}.Release|Any CPU.ActiveCfg = Release|Any CPU
		{EE1A4437-BC5F-4A5D-BA96-A67BF877555B}.Release|Any CPU.Build.0 = Release|Any CPU
		{FBE4B1A9-8B08-40CE-B557-87D9D64FB75E}.Debug|Any CPU.ActiveCfg = Debug|Any CPU
		{FBE4B1A9-8B08-40CE-B557-87D9D64FB75E}.Debug|Any CPU.Build.0 = Debug|Any CPU
		{FBE4B1A9-8B08-40CE-B557-87D9D64FB75E}.Release|Any CPU.ActiveCfg = Release|Any CPU
		{FBE4B1A9-8B08-40CE-B557-87D9D64FB75E}.Release|Any CPU.Build.0 = Release|Any CPU
		{ABFD173E-A8E5-4F9D-BDA6-855914B10619}.Debug|Any CPU.ActiveCfg = Debug|Any CPU
		{ABFD173E-A8E5-4F9D-BDA6-855914B10619}.Debug|Any CPU.Build.0 = Debug|Any CPU
		{ABFD173E-A8E5-4F9D-BDA6-855914B10619}.Release|Any CPU.ActiveCfg = Release|Any CPU
		{ABFD173E-A8E5-4F9D-BDA6-855914B10619}.Release|Any CPU.Build.0 = Release|Any CPU
		{592D921E-6532-4275-AD88-F8C44DA6ADBC}.Debug|Any CPU.ActiveCfg = Debug|Any CPU
		{592D921E-6532-4275-AD88-F8C44DA6ADBC}.Debug|Any CPU.Build.0 = Debug|Any CPU
		{592D921E-6532-4275-AD88-F8C44DA6ADBC}.Release|Any CPU.ActiveCfg = Release|Any CPU
		{592D921E-6532-4275-AD88-F8C44DA6ADBC}.Release|Any CPU.Build.0 = Release|Any CPU
		{2CC3077E-4A21-485F-8F6C-7687E4928A65}.Debug|Any CPU.ActiveCfg = Debug|Any CPU
		{2CC3077E-4A21-485F-8F6C-7687E4928A65}.Debug|Any CPU.Build.0 = Debug|Any CPU
		{2CC3077E-4A21-485F-8F6C-7687E4928A65}.Release|Any CPU.ActiveCfg = Release|Any CPU
		{2CC3077E-4A21-485F-8F6C-7687E4928A65}.Release|Any CPU.Build.0 = Release|Any CPU
		{1D330C13-6AC2-478F-A4E5-DCF713997BFF}.Debug|Any CPU.ActiveCfg = Debug|Any CPU
		{1D330C13-6AC2-478F-A4E5-DCF713997BFF}.Debug|Any CPU.Build.0 = Debug|Any CPU
		{1D330C13-6AC2-478F-A4E5-DCF713997BFF}.Release|Any CPU.ActiveCfg = Release|Any CPU
		{1D330C13-6AC2-478F-A4E5-DCF713997BFF}.Release|Any CPU.Build.0 = Release|Any CPU
		{3AAF1BB4-EB6A-4B10-8573-DABD5A4DC02B}.Debug|Any CPU.ActiveCfg = Debug|Any CPU
		{3AAF1BB4-EB6A-4B10-8573-DABD5A4DC02B}.Debug|Any CPU.Build.0 = Debug|Any CPU
		{3AAF1BB4-EB6A-4B10-8573-DABD5A4DC02B}.Release|Any CPU.ActiveCfg = Release|Any CPU
		{3AAF1BB4-EB6A-4B10-8573-DABD5A4DC02B}.Release|Any CPU.Build.0 = Release|Any CPU
		{4F3DDDB1-F774-43EE-82B7-19CEF462B3DE}.Debug|Any CPU.ActiveCfg = Debug|Any CPU
		{4F3DDDB1-F774-43EE-82B7-19CEF462B3DE}.Debug|Any CPU.Build.0 = Debug|Any CPU
		{4F3DDDB1-F774-43EE-82B7-19CEF462B3DE}.Release|Any CPU.ActiveCfg = Release|Any CPU
		{4F3DDDB1-F774-43EE-82B7-19CEF462B3DE}.Release|Any CPU.Build.0 = Release|Any CPU
		{2A8C627F-A797-41CD-B559-7BF19A9058A5}.Debug|Any CPU.ActiveCfg = Debug|Any CPU
		{2A8C627F-A797-41CD-B559-7BF19A9058A5}.Debug|Any CPU.Build.0 = Debug|Any CPU
		{2A8C627F-A797-41CD-B559-7BF19A9058A5}.Release|Any CPU.ActiveCfg = Release|Any CPU
		{2A8C627F-A797-41CD-B559-7BF19A9058A5}.Release|Any CPU.Build.0 = Release|Any CPU
	EndGlobalSection
	GlobalSection(SolutionProperties) = preSolution
		HideSolutionNode = FALSE
	EndGlobalSection
	GlobalSection(NestedProjects) = preSolution
		{EE1A4437-BC5F-4A5D-BA96-A67BF877555B} = {B5D3B20D-E936-474B-B28F-A0446C21CDE8}
		{FBE4B1A9-8B08-40CE-B557-87D9D64FB75E} = {B5D3B20D-E936-474B-B28F-A0446C21CDE8}
		{592D921E-6532-4275-AD88-F8C44DA6ADBC} = {B5D3B20D-E936-474B-B28F-A0446C21CDE8}
		{2CC3077E-4A21-485F-8F6C-7687E4928A65} = {B5D3B20D-E936-474B-B28F-A0446C21CDE8}
		{1D330C13-6AC2-478F-A4E5-DCF713997BFF} = {384E512E-8BA9-4D06-AD7C-AF6C2EEF5B5A}
		{3AAF1BB4-EB6A-4B10-8573-DABD5A4DC02B} = {01667768-FD42-4F46-AE63-B3DD172AA11E}
		{B5D3B20D-E936-474B-B28F-A0446C21CDE8} = {2D17B597-5DF8-4763-ADC3-B8804077C168}
		{384E512E-8BA9-4D06-AD7C-AF6C2EEF5B5A} = {2D17B597-5DF8-4763-ADC3-B8804077C168}
		{01667768-FD42-4F46-AE63-B3DD172AA11E} = {2D17B597-5DF8-4763-ADC3-B8804077C168}
		{4F3DDDB1-F774-43EE-82B7-19CEF462B3DE} = {3B1A47C2-FF66-4D0A-958A-77BC66646BEB}
		{2A8C627F-A797-41CD-B559-7BF19A9058A5} = {3B1A47C2-FF66-4D0A-958A-77BC66646BEB}
	EndGlobalSection
	GlobalSection(ExtensibilityGlobals) = postSolution
		SolutionGuid = {71EB1177-FFB8-48AA-BE39-14BBC3A402C8}
	EndGlobalSection
EndGlobal
